{
  "name": "typescript-3pvfbh",
  "version": "1.0.0",
  "lockfileVersion": 1,
  "requires": true,
  "dependencies": {
    "moment": {
      "version": "2.22.2",
      "resolved": "https://registry.npmjs.org/moment/-/moment-2.22.2.tgz",
      "integrity": "sha1-PCV/mDn8DpP/UxSWMiOeuQeD/2Y="
    },
    "msk": {
      "version": "1.0.3",
      "resolved": "https://registry.npmjs.org/msk/-/msk-1.0.3.tgz",
      "integrity": "sha512-YSalC6IZwQIIjIwxuzN1VsWBvBX9HtDjVNYFNP6e44bWxZJMy8//INZM4qpXbu0nHrX93Res0Q856EkFZU5AmQ=="
    }
  }
}
